// !$*UTF8*$!
{
	archiveVersion = 1;
	classes = {
	};
	objectVersion = 56;
	objects = {

/* Begin PBXBuildFile section */
		C41305922B16515C007FA5D6 /* UIBlockingProgressHUD.swift in Sources */ = {isa = PBXBuildFile; fileRef = C41305912B16515C007FA5D6 /* UIBlockingProgressHUD.swift */; };
		C41844BB2AE706A900068ED2 /* ProfileViewController.swift in Sources */ = {isa = PBXBuildFile; fileRef = C41844BA2AE706A900068ED2 /* ProfileViewController.swift */; };
		C418E6D92B3B5BD400594FA8 /* WebViewPresenter.swift in Sources */ = {isa = PBXBuildFile; fileRef = C418E6D82B3B5BD400594FA8 /* WebViewPresenter.swift */; };
		C418E6DB2B3B7F2E00594FA8 /* AuthHelper.swift in Sources */ = {isa = PBXBuildFile; fileRef = C418E6DA2B3B7F2E00594FA8 /* AuthHelper.swift */; };
		C419A8462AF78BF700F3AA8E /* AuthConfiguration.swift in Sources */ = {isa = PBXBuildFile; fileRef = C419A8452AF78BF700F3AA8E /* AuthConfiguration.swift */; };
		C45D7FF62ADD43D000606801 /* ImagesListCell.swift in Sources */ = {isa = PBXBuildFile; fileRef = C45D7FF52ADD43D000606801 /* ImagesListCell.swift */; };
		C4635A6D2B3B8A460000EFA5 /* WebViewTests.swift in Sources */ = {isa = PBXBuildFile; fileRef = C4635A6C2B3B8A460000EFA5 /* WebViewTests.swift */; };
		C4635A742B3B8E2B0000EFA5 /* WebViewPresenterSpy.swift in Sources */ = {isa = PBXBuildFile; fileRef = C4635A732B3B8E2B0000EFA5 /* WebViewPresenterSpy.swift */; };
		C4635A762B3B946F0000EFA5 /* testProgressVisibleWhenLessThenOne.swift in Sources */ = {isa = PBXBuildFile; fileRef = C4635A752B3B946F0000EFA5 /* testProgressVisibleWhenLessThenOne.swift */; };
		C4635A782B3B94CD0000EFA5 /* testProgressHiddenWhenOne.swift in Sources */ = {isa = PBXBuildFile; fileRef = C4635A772B3B94CD0000EFA5 /* testProgressHiddenWhenOne.swift */; };
		C4635A7A2B3B96550000EFA5 /* testAuthHelperAuthURL.swift in Sources */ = {isa = PBXBuildFile; fileRef = C4635A792B3B96550000EFA5 /* testAuthHelperAuthURL.swift */; };
		C4635A7C2B3B97DE0000EFA5 /* testCodeFromURL.swift in Sources */ = {isa = PBXBuildFile; fileRef = C4635A7B2B3B97DE0000EFA5 /* testCodeFromURL.swift */; };
		C4635A842B3BA7210000EFA5 /* ImageFeedUITests.swift in Sources */ = {isa = PBXBuildFile; fileRef = C4635A832B3BA7210000EFA5 /* ImageFeedUITests.swift */; };
		C47129692B167AD800C5C412 /* ProfileService.swift in Sources */ = {isa = PBXBuildFile; fileRef = C47129682B167AD800C5C412 /* ProfileService.swift */; };
		C4732B832B063B3000EA1161 /* OAuthTokenResponseBody.swift in Sources */ = {isa = PBXBuildFile; fileRef = C4732B822B063B3000EA1161 /* OAuthTokenResponseBody.swift */; };
		C4732B852B063C0C00EA1161 /* OAuth2Service.swift in Sources */ = {isa = PBXBuildFile; fileRef = C4732B842B063C0C00EA1161 /* OAuth2Service.swift */; };
		C4732B872B063DA800EA1161 /* OAuth2TokenStorage .swift in Sources */ = {isa = PBXBuildFile; fileRef = C4732B862B063DA800EA1161 /* OAuth2TokenStorage .swift */; };
		C47920302B299DE700B2A60B /* Kingfisher in Frameworks */ = {isa = PBXBuildFile; productRef = C479202F2B299DE700B2A60B /* Kingfisher */; };
		C47920332B29A0A400B2A60B /* SwiftKeychainWrapper in Frameworks */ = {isa = PBXBuildFile; productRef = C47920322B29A0A400B2A60B /* SwiftKeychainWrapper */; };
		C47920352B2CA91F00B2A60B /* TabBarController.swift in Sources */ = {isa = PBXBuildFile; fileRef = C47920342B2CA91F00B2A60B /* TabBarController.swift */; };
		C47E9B212AD11B730072D003 /* AppDelegate.swift in Sources */ = {isa = PBXBuildFile; fileRef = C47E9B202AD11B730072D003 /* AppDelegate.swift */; };
		C47E9B232AD11B730072D003 /* SceneDelegate.swift in Sources */ = {isa = PBXBuildFile; fileRef = C47E9B222AD11B730072D003 /* SceneDelegate.swift */; };
		C47E9B252AD11B730072D003 /* ImagesListViewController.swift in Sources */ = {isa = PBXBuildFile; fileRef = C47E9B242AD11B730072D003 /* ImagesListViewController.swift */; };
		C47E9B282AD11B730072D003 /* Main.storyboard in Resources */ = {isa = PBXBuildFile; fileRef = C47E9B262AD11B730072D003 /* Main.storyboard */; };
		C47E9B2A2AD11B750072D003 /* Assets.xcassets in Resources */ = {isa = PBXBuildFile; fileRef = C47E9B292AD11B750072D003 /* Assets.xcassets */; };
		C47E9B2D2AD11B750072D003 /* LaunchScreen.storyboard in Resources */ = {isa = PBXBuildFile; fileRef = C47E9B2B2AD11B750072D003 /* LaunchScreen.storyboard */; };
		C48702412B0A2F0F009FD676 /* SplashViewController.swift in Sources */ = {isa = PBXBuildFile; fileRef = C48702402B0A2F0F009FD676 /* SplashViewController.swift */; };
		C4BE618B2AF942920013DAE6 /* AuthViewController.swift in Sources */ = {isa = PBXBuildFile; fileRef = C4BE618A2AF942920013DAE6 /* AuthViewController.swift */; };
		C4BE618D2AF9550C0013DAE6 /* WebViewViewController.swift in Sources */ = {isa = PBXBuildFile; fileRef = C4BE618C2AF9550C0013DAE6 /* WebViewViewController.swift */; };
		C4BFAC432AEF7FD5005E47BA /* SingleImageViewController.swift in Sources */ = {isa = PBXBuildFile; fileRef = C4BFAC422AEF7FD5005E47BA /* SingleImageViewController.swift */; };
		C4C0A4CE2B31BAF000819DB3 /* ImagesListService.swift in Sources */ = {isa = PBXBuildFile; fileRef = C4C0A4CD2B31BAF000819DB3 /* ImagesListService.swift */; };
		C4C18F9C2B0F3CF800000A4E /* URLRequest+Extension.swift in Sources */ = {isa = PBXBuildFile; fileRef = C4C18F9B2B0F3CF800000A4E /* URLRequest+Extension.swift */; };
		C4C18F9E2B0F3D0500000A4E /* URLSession+Extension.swift in Sources */ = {isa = PBXBuildFile; fileRef = C4C18F9D2B0F3D0500000A4E /* URLSession+Extension.swift */; };
		C4C18FA12B0F3D9A00000A4E /* NetworkError.swift in Sources */ = {isa = PBXBuildFile; fileRef = C4C18FA02B0F3D9A00000A4E /* NetworkError.swift */; };
		C4C18FA42B0F930500000A4E /* ProgressHUD in Frameworks */ = {isa = PBXBuildFile; productRef = C4C18FA32B0F930500000A4E /* ProgressHUD */; };
		C4EAFD592B200FED00EFBA0E /* ProfileImageService.swift in Sources */ = {isa = PBXBuildFile; fileRef = C4EAFD582B200FED00EFBA0E /* ProfileImageService.swift */; };
/* End PBXBuildFile section */

/* Begin PBXContainerItemProxy section */
		C4635A6E2B3B8A460000EFA5 /* PBXContainerItemProxy */ = {
			isa = PBXContainerItemProxy;
			containerPortal = C47E9B152AD11B730072D003 /* Project object */;
			proxyType = 1;
			remoteGlobalIDString = C47E9B1C2AD11B730072D003;
			remoteInfo = ImageFeed;
		};
		C4635A872B3BA7210000EFA5 /* PBXContainerItemProxy */ = {
			isa = PBXContainerItemProxy;
			containerPortal = C47E9B152AD11B730072D003 /* Project object */;
			proxyType = 1;
			remoteGlobalIDString = C47E9B1C2AD11B730072D003;
			remoteInfo = ImageFeed;
		};
/* End PBXContainerItemProxy section */

/* Begin PBXFileReference section */
		C41305912B16515C007FA5D6 /* UIBlockingProgressHUD.swift */ = {isa = PBXFileReference; lastKnownFileType = sourcecode.swift; path = UIBlockingProgressHUD.swift; sourceTree = "<group>"; };
		C41844BA2AE706A900068ED2 /* ProfileViewController.swift */ = {isa = PBXFileReference; lastKnownFileType = sourcecode.swift; path = ProfileViewController.swift; sourceTree = "<group>"; };
		C418E6D82B3B5BD400594FA8 /* WebViewPresenter.swift */ = {isa = PBXFileReference; lastKnownFileType = sourcecode.swift; path = WebViewPresenter.swift; sourceTree = "<group>"; };
		C418E6DA2B3B7F2E00594FA8 /* AuthHelper.swift */ = {isa = PBXFileReference; lastKnownFileType = sourcecode.swift; path = AuthHelper.swift; sourceTree = "<group>"; };
		C419A8452AF78BF700F3AA8E /* AuthConfiguration.swift */ = {isa = PBXFileReference; lastKnownFileType = sourcecode.swift; path = AuthConfiguration.swift; sourceTree = "<group>"; };
		C45D7FF52ADD43D000606801 /* ImagesListCell.swift */ = {isa = PBXFileReference; lastKnownFileType = sourcecode.swift; path = ImagesListCell.swift; sourceTree = "<group>"; };
		C4635A6A2B3B8A460000EFA5 /* ImageFeedTests.xctest */ = {isa = PBXFileReference; explicitFileType = wrapper.cfbundle; includeInIndex = 0; path = ImageFeedTests.xctest; sourceTree = BUILT_PRODUCTS_DIR; };
		C4635A6C2B3B8A460000EFA5 /* WebViewTests.swift */ = {isa = PBXFileReference; lastKnownFileType = sourcecode.swift; path = WebViewTests.swift; sourceTree = "<group>"; };
		C4635A732B3B8E2B0000EFA5 /* WebViewPresenterSpy.swift */ = {isa = PBXFileReference; lastKnownFileType = sourcecode.swift; path = WebViewPresenterSpy.swift; sourceTree = "<group>"; };
		C4635A752B3B946F0000EFA5 /* testProgressVisibleWhenLessThenOne.swift */ = {isa = PBXFileReference; lastKnownFileType = sourcecode.swift; path = testProgressVisibleWhenLessThenOne.swift; sourceTree = "<group>"; };
		C4635A772B3B94CD0000EFA5 /* testProgressHiddenWhenOne.swift */ = {isa = PBXFileReference; lastKnownFileType = sourcecode.swift; path = testProgressHiddenWhenOne.swift; sourceTree = "<group>"; };
		C4635A792B3B96550000EFA5 /* testAuthHelperAuthURL.swift */ = {isa = PBXFileReference; lastKnownFileType = sourcecode.swift; path = testAuthHelperAuthURL.swift; sourceTree = "<group>"; };
		C4635A7B2B3B97DE0000EFA5 /* testCodeFromURL.swift */ = {isa = PBXFileReference; lastKnownFileType = sourcecode.swift; path = testCodeFromURL.swift; sourceTree = "<group>"; };
		C4635A812B3BA7210000EFA5 /* ImageFeedUITests.xctest */ = {isa = PBXFileReference; explicitFileType = wrapper.cfbundle; includeInIndex = 0; path = ImageFeedUITests.xctest; sourceTree = BUILT_PRODUCTS_DIR; };
		C4635A832B3BA7210000EFA5 /* ImageFeedUITests.swift */ = {isa = PBXFileReference; lastKnownFileType = sourcecode.swift; path = ImageFeedUITests.swift; sourceTree = "<group>"; };
		C47129682B167AD800C5C412 /* ProfileService.swift */ = {isa = PBXFileReference; lastKnownFileType = sourcecode.swift; path = ProfileService.swift; sourceTree = "<group>"; };
		C4732B822B063B3000EA1161 /* OAuthTokenResponseBody.swift */ = {isa = PBXFileReference; lastKnownFileType = sourcecode.swift; path = OAuthTokenResponseBody.swift; sourceTree = "<group>"; };
		C4732B842B063C0C00EA1161 /* OAuth2Service.swift */ = {isa = PBXFileReference; lastKnownFileType = sourcecode.swift; path = OAuth2Service.swift; sourceTree = "<group>"; };
		C4732B862B063DA800EA1161 /* OAuth2TokenStorage .swift */ = {isa = PBXFileReference; lastKnownFileType = sourcecode.swift; path = "OAuth2TokenStorage .swift"; sourceTree = "<group>"; };
		C47920342B2CA91F00B2A60B /* TabBarController.swift */ = {isa = PBXFileReference; lastKnownFileType = sourcecode.swift; path = TabBarController.swift; sourceTree = "<group>"; };
		C47E9B1D2AD11B730072D003 /* ImageFeed.app */ = {isa = PBXFileReference; explicitFileType = wrapper.application; includeInIndex = 0; path = ImageFeed.app; sourceTree = BUILT_PRODUCTS_DIR; };
		C47E9B202AD11B730072D003 /* AppDelegate.swift */ = {isa = PBXFileReference; lastKnownFileType = sourcecode.swift; path = AppDelegate.swift; sourceTree = "<group>"; };
		C47E9B222AD11B730072D003 /* SceneDelegate.swift */ = {isa = PBXFileReference; lastKnownFileType = sourcecode.swift; path = SceneDelegate.swift; sourceTree = "<group>"; };
		C47E9B242AD11B730072D003 /* ImagesListViewController.swift */ = {isa = PBXFileReference; lastKnownFileType = sourcecode.swift; path = ImagesListViewController.swift; sourceTree = "<group>"; };
		C47E9B272AD11B730072D003 /* Base */ = {isa = PBXFileReference; lastKnownFileType = file.storyboard; name = Base; path = Base.lproj/Main.storyboard; sourceTree = "<group>"; };
		C47E9B292AD11B750072D003 /* Assets.xcassets */ = {isa = PBXFileReference; lastKnownFileType = folder.assetcatalog; path = Assets.xcassets; sourceTree = "<group>"; };
		C47E9B2C2AD11B750072D003 /* Base */ = {isa = PBXFileReference; lastKnownFileType = file.storyboard; name = Base; path = Base.lproj/LaunchScreen.storyboard; sourceTree = "<group>"; };
		C47E9B2E2AD11B750072D003 /* Info.plist */ = {isa = PBXFileReference; lastKnownFileType = text.plist.xml; path = Info.plist; sourceTree = "<group>"; };
		C48702402B0A2F0F009FD676 /* SplashViewController.swift */ = {isa = PBXFileReference; lastKnownFileType = sourcecode.swift; path = SplashViewController.swift; sourceTree = "<group>"; };
		C4BE618A2AF942920013DAE6 /* AuthViewController.swift */ = {isa = PBXFileReference; lastKnownFileType = sourcecode.swift; path = AuthViewController.swift; sourceTree = "<group>"; };
		C4BE618C2AF9550C0013DAE6 /* WebViewViewController.swift */ = {isa = PBXFileReference; lastKnownFileType = sourcecode.swift; path = WebViewViewController.swift; sourceTree = "<group>"; };
		C4BFAC422AEF7FD5005E47BA /* SingleImageViewController.swift */ = {isa = PBXFileReference; lastKnownFileType = sourcecode.swift; path = SingleImageViewController.swift; sourceTree = "<group>"; };
		C4C0A4CD2B31BAF000819DB3 /* ImagesListService.swift */ = {isa = PBXFileReference; lastKnownFileType = sourcecode.swift; path = ImagesListService.swift; sourceTree = "<group>"; };
		C4C18F9B2B0F3CF800000A4E /* URLRequest+Extension.swift */ = {isa = PBXFileReference; lastKnownFileType = sourcecode.swift; path = "URLRequest+Extension.swift"; sourceTree = "<group>"; };
		C4C18F9D2B0F3D0500000A4E /* URLSession+Extension.swift */ = {isa = PBXFileReference; lastKnownFileType = sourcecode.swift; path = "URLSession+Extension.swift"; sourceTree = "<group>"; };
		C4C18FA02B0F3D9A00000A4E /* NetworkError.swift */ = {isa = PBXFileReference; lastKnownFileType = sourcecode.swift; path = NetworkError.swift; sourceTree = "<group>"; };
		C4EAFD582B200FED00EFBA0E /* ProfileImageService.swift */ = {isa = PBXFileReference; lastKnownFileType = sourcecode.swift; path = ProfileImageService.swift; sourceTree = "<group>"; };
/* End PBXFileReference section */

/* Begin PBXFrameworksBuildPhase section */
		C4635A672B3B8A460000EFA5 /* Frameworks */ = {
			isa = PBXFrameworksBuildPhase;
			buildActionMask = 2147483647;
			files = (
			);
			runOnlyForDeploymentPostprocessing = 0;
		};
		C4635A7E2B3BA7210000EFA5 /* Frameworks */ = {
			isa = PBXFrameworksBuildPhase;
			buildActionMask = 2147483647;
			files = (
			);
			runOnlyForDeploymentPostprocessing = 0;
		};
		C47E9B1A2AD11B730072D003 /* Frameworks */ = {
			isa = PBXFrameworksBuildPhase;
			buildActionMask = 2147483647;
			files = (
				C47920302B299DE700B2A60B /* Kingfisher in Frameworks */,
				C4C18FA42B0F930500000A4E /* ProgressHUD in Frameworks */,
				C47920332B29A0A400B2A60B /* SwiftKeychainWrapper in Frameworks */,
			);
			runOnlyForDeploymentPostprocessing = 0;
		};
/* End PBXFrameworksBuildPhase section */

/* Begin PBXGroup section */
		C41844BC2AE7091B00068ED2 /* Profile */ = {
			isa = PBXGroup;
			children = (
				C41844BA2AE706A900068ED2 /* ProfileViewController.swift */,
				C47129682B167AD800C5C412 /* ProfileService.swift */,
				C4EAFD582B200FED00EFBA0E /* ProfileImageService.swift */,
			);
			path = Profile;
			sourceTree = "<group>";
		};
		C419A8472AF78C8600F3AA8E /* SingleImage */ = {
			isa = PBXGroup;
			children = (
				C4BFAC422AEF7FD5005E47BA /* SingleImageViewController.swift */,
			);
			path = SingleImage;
			sourceTree = "<group>";
		};
		C45D7FF72ADD445100606801 /* ImagesList */ = {
			isa = PBXGroup;
			children = (
				C45D7FF52ADD43D000606801 /* ImagesListCell.swift */,
				C47E9B242AD11B730072D003 /* ImagesListViewController.swift */,
				C4C0A4CD2B31BAF000819DB3 /* ImagesListService.swift */,
			);
			path = ImagesList;
			sourceTree = "<group>";
		};
		C4635A6B2B3B8A460000EFA5 /* ImageFeedTests */ = {
			isa = PBXGroup;
			children = (
				C4635A6C2B3B8A460000EFA5 /* WebViewTests.swift */,
				C4635A732B3B8E2B0000EFA5 /* WebViewPresenterSpy.swift */,
				C4635A792B3B96550000EFA5 /* testAuthHelperAuthURL.swift */,
				C4635A752B3B946F0000EFA5 /* testProgressVisibleWhenLessThenOne.swift */,
				C4635A772B3B94CD0000EFA5 /* testProgressHiddenWhenOne.swift */,
				C4635A7B2B3B97DE0000EFA5 /* testCodeFromURL.swift */,
			);
			path = ImageFeedTests;
			sourceTree = "<group>";
		};
		C4635A822B3BA7210000EFA5 /* ImageFeedUITests */ = {
			isa = PBXGroup;
			children = (
				C4635A832B3BA7210000EFA5 /* ImageFeedUITests.swift */,
			);
			path = ImageFeedUITests;
			sourceTree = "<group>";
		};
		C4732B812B063B0D00EA1161 /* OAuth2 */ = {
			isa = PBXGroup;
			children = (
				C4732B822B063B3000EA1161 /* OAuthTokenResponseBody.swift */,
				C4732B842B063C0C00EA1161 /* OAuth2Service.swift */,
				C4732B862B063DA800EA1161 /* OAuth2TokenStorage .swift */,
			);
			path = OAuth2;
			sourceTree = "<group>";
		};
		C47E9B142AD11B730072D003 = {
			isa = PBXGroup;
			children = (
				C47E9B1F2AD11B730072D003 /* ImageFeed */,
				C4635A6B2B3B8A460000EFA5 /* ImageFeedTests */,
				C4635A822B3BA7210000EFA5 /* ImageFeedUITests */,
				C47E9B1E2AD11B730072D003 /* Products */,
			);
			sourceTree = "<group>";
		};
		C47E9B1E2AD11B730072D003 /* Products */ = {
			isa = PBXGroup;
			children = (
				C47E9B1D2AD11B730072D003 /* ImageFeed.app */,
				C4635A6A2B3B8A460000EFA5 /* ImageFeedTests.xctest */,
				C4635A812B3BA7210000EFA5 /* ImageFeedUITests.xctest */,
			);
			name = Products;
			sourceTree = "<group>";
		};
		C47E9B1F2AD11B730072D003 /* ImageFeed */ = {
			isa = PBXGroup;
			children = (
				C4C18F9F2B0F3D8600000A4E /* Errors */,
				C4C18F9A2B0F367E00000A4E /* Extensions */,
				C4732B812B063B0D00EA1161 /* OAuth2 */,
				C419A8472AF78C8600F3AA8E /* SingleImage */,
				C41844BC2AE7091B00068ED2 /* Profile */,
				C487023F2B0A2EF0009FD676 /* SplashScreen */,
				C45D7FF72ADD445100606801 /* ImagesList */,
				C4BE61892AF93F390013DAE6 /* Auth */,
				C4BD3AF22ADC53C8008E4335 /* Resources */,
				C419A8452AF78BF700F3AA8E /* AuthConfiguration.swift */,
				C41305912B16515C007FA5D6 /* UIBlockingProgressHUD.swift */,
				C47E9B202AD11B730072D003 /* AppDelegate.swift */,
				C47E9B222AD11B730072D003 /* SceneDelegate.swift */,
				C47920342B2CA91F00B2A60B /* TabBarController.swift */,
				C47E9B262AD11B730072D003 /* Main.storyboard */,
				C47E9B2B2AD11B750072D003 /* LaunchScreen.storyboard */,
				C47E9B2E2AD11B750072D003 /* Info.plist */,
			);
			path = ImageFeed;
			sourceTree = "<group>";
		};
		C487023F2B0A2EF0009FD676 /* SplashScreen */ = {
			isa = PBXGroup;
			children = (
				C48702402B0A2F0F009FD676 /* SplashViewController.swift */,
			);
			path = SplashScreen;
			sourceTree = "<group>";
		};
		C4BD3AF22ADC53C8008E4335 /* Resources */ = {
			isa = PBXGroup;
			children = (
				C47E9B292AD11B750072D003 /* Assets.xcassets */,
			);
			path = Resources;
			sourceTree = "<group>";
		};
		C4BE61892AF93F390013DAE6 /* Auth */ = {
			isa = PBXGroup;
			children = (
				C4BE618A2AF942920013DAE6 /* AuthViewController.swift */,
				C4BE618C2AF9550C0013DAE6 /* WebViewViewController.swift */,
				C418E6D82B3B5BD400594FA8 /* WebViewPresenter.swift */,
				C418E6DA2B3B7F2E00594FA8 /* AuthHelper.swift */,
			);
			path = Auth;
			sourceTree = "<group>";
		};
		C4C18F9A2B0F367E00000A4E /* Extensions */ = {
			isa = PBXGroup;
			children = (
				C4C18F9B2B0F3CF800000A4E /* URLRequest+Extension.swift */,
				C4C18F9D2B0F3D0500000A4E /* URLSession+Extension.swift */,
			);
			path = Extensions;
			sourceTree = "<group>";
		};
		C4C18F9F2B0F3D8600000A4E /* Errors */ = {
			isa = PBXGroup;
			children = (
				C4C18FA02B0F3D9A00000A4E /* NetworkError.swift */,
			);
			path = Errors;
			sourceTree = "<group>";
		};
/* End PBXGroup section */

/* Begin PBXNativeTarget section */
		C4635A692B3B8A460000EFA5 /* ImageFeedTests */ = {
			isa = PBXNativeTarget;
			buildConfigurationList = C4635A722B3B8A460000EFA5 /* Build configuration list for PBXNativeTarget "ImageFeedTests" */;
			buildPhases = (
				C4635A662B3B8A460000EFA5 /* Sources */,
				C4635A672B3B8A460000EFA5 /* Frameworks */,
				C4635A682B3B8A460000EFA5 /* Resources */,
			);
			buildRules = (
			);
			dependencies = (
				C4635A6F2B3B8A460000EFA5 /* PBXTargetDependency */,
			);
			name = ImageFeedTests;
			productName = ImageFeedTests;
			productReference = C4635A6A2B3B8A460000EFA5 /* ImageFeedTests.xctest */;
			productType = "com.apple.product-type.bundle.unit-test";
		};
		C4635A802B3BA7210000EFA5 /* ImageFeedUITests */ = {
			isa = PBXNativeTarget;
			buildConfigurationList = C4635A892B3BA7210000EFA5 /* Build configuration list for PBXNativeTarget "ImageFeedUITests" */;
			buildPhases = (
				C4635A7D2B3BA7210000EFA5 /* Sources */,
				C4635A7E2B3BA7210000EFA5 /* Frameworks */,
				C4635A7F2B3BA7210000EFA5 /* Resources */,
			);
			buildRules = (
			);
			dependencies = (
				C4635A882B3BA7210000EFA5 /* PBXTargetDependency */,
			);
			name = ImageFeedUITests;
			productName = ImageFeedUITests;
			productReference = C4635A812B3BA7210000EFA5 /* ImageFeedUITests.xctest */;
			productType = "com.apple.product-type.bundle.ui-testing";
		};
		C47E9B1C2AD11B730072D003 /* ImageFeed */ = {
			isa = PBXNativeTarget;
			buildConfigurationList = C47E9B312AD11B750072D003 /* Build configuration list for PBXNativeTarget "ImageFeed" */;
			buildPhases = (
				C47E9B192AD11B730072D003 /* Sources */,
				C47E9B1A2AD11B730072D003 /* Frameworks */,
				C47E9B1B2AD11B730072D003 /* Resources */,
			);
			buildRules = (
			);
			dependencies = (
			);
			name = ImageFeed;
			packageProductDependencies = (
				C4C18FA32B0F930500000A4E /* ProgressHUD */,
				C479202F2B299DE700B2A60B /* Kingfisher */,
				C47920322B29A0A400B2A60B /* SwiftKeychainWrapper */,
			);
			productName = ImageFeed;
			productReference = C47E9B1D2AD11B730072D003 /* ImageFeed.app */;
			productType = "com.apple.product-type.application";
		};
/* End PBXNativeTarget section */

/* Begin PBXProject section */
		C47E9B152AD11B730072D003 /* Project object */ = {
			isa = PBXProject;
			attributes = {
				BuildIndependentTargetsInParallel = 1;
				LastSwiftUpdateCheck = 1500;
				LastUpgradeCheck = 1500;
				TargetAttributes = {
					C4635A692B3B8A460000EFA5 = {
						CreatedOnToolsVersion = 15.0;
						TestTargetID = C47E9B1C2AD11B730072D003;
					};
					C4635A802B3BA7210000EFA5 = {
						CreatedOnToolsVersion = 15.0;
						TestTargetID = C47E9B1C2AD11B730072D003;
					};
					C47E9B1C2AD11B730072D003 = {
						CreatedOnToolsVersion = 15.0;
					};
				};
			};
			buildConfigurationList = C47E9B182AD11B730072D003 /* Build configuration list for PBXProject "ImageFeed" */;
			compatibilityVersion = "Xcode 14.0";
			developmentRegion = en;
			hasScannedForEncodings = 0;
			knownRegions = (
				en,
				Base,
			);
			mainGroup = C47E9B142AD11B730072D003;
			packageReferences = (
				C4C18FA22B0F930500000A4E /* XCRemoteSwiftPackageReference "ProgressHUD" */,
				C479202E2B299DE700B2A60B /* XCRemoteSwiftPackageReference "Kingfisher" */,
				C47920312B29A0A400B2A60B /* XCRemoteSwiftPackageReference "SwiftKeychainWrapper" */,
			);
			productRefGroup = C47E9B1E2AD11B730072D003 /* Products */;
			projectDirPath = "";
			projectRoot = "";
			targets = (
				C47E9B1C2AD11B730072D003 /* ImageFeed */,
				C4635A692B3B8A460000EFA5 /* ImageFeedTests */,
				C4635A802B3BA7210000EFA5 /* ImageFeedUITests */,
			);
		};
/* End PBXProject section */

/* Begin PBXResourcesBuildPhase section */
		C4635A682B3B8A460000EFA5 /* Resources */ = {
			isa = PBXResourcesBuildPhase;
			buildActionMask = 2147483647;
			files = (
			);
			runOnlyForDeploymentPostprocessing = 0;
		};
		C4635A7F2B3BA7210000EFA5 /* Resources */ = {
			isa = PBXResourcesBuildPhase;
			buildActionMask = 2147483647;
			files = (
			);
			runOnlyForDeploymentPostprocessing = 0;
		};
		C47E9B1B2AD11B730072D003 /* Resources */ = {
			isa = PBXResourcesBuildPhase;
			buildActionMask = 2147483647;
			files = (
				C47E9B2D2AD11B750072D003 /* LaunchScreen.storyboard in Resources */,
				C47E9B2A2AD11B750072D003 /* Assets.xcassets in Resources */,
				C47E9B282AD11B730072D003 /* Main.storyboard in Resources */,
			);
			runOnlyForDeploymentPostprocessing = 0;
		};
/* End PBXResourcesBuildPhase section */

/* Begin PBXSourcesBuildPhase section */
		C4635A662B3B8A460000EFA5 /* Sources */ = {
			isa = PBXSourcesBuildPhase;
			buildActionMask = 2147483647;
			files = (
				C4635A7C2B3B97DE0000EFA5 /* testCodeFromURL.swift in Sources */,
				C4635A6D2B3B8A460000EFA5 /* WebViewTests.swift in Sources */,
				C4635A762B3B946F0000EFA5 /* testProgressVisibleWhenLessThenOne.swift in Sources */,
				C4635A742B3B8E2B0000EFA5 /* WebViewPresenterSpy.swift in Sources */,
				C4635A782B3B94CD0000EFA5 /* testProgressHiddenWhenOne.swift in Sources */,
				C4635A7A2B3B96550000EFA5 /* testAuthHelperAuthURL.swift in Sources */,
			);
			runOnlyForDeploymentPostprocessing = 0;
		};
		C4635A7D2B3BA7210000EFA5 /* Sources */ = {
			isa = PBXSourcesBuildPhase;
			buildActionMask = 2147483647;
			files = (
				C4635A842B3BA7210000EFA5 /* ImageFeedUITests.swift in Sources */,
			);
			runOnlyForDeploymentPostprocessing = 0;
		};
		C47E9B192AD11B730072D003 /* Sources */ = {
			isa = PBXSourcesBuildPhase;
			buildActionMask = 2147483647;
			files = (
				C47E9B252AD11B730072D003 /* ImagesListViewController.swift in Sources */,
				C4C18FA12B0F3D9A00000A4E /* NetworkError.swift in Sources */,
				C4C18F9C2B0F3CF800000A4E /* URLRequest+Extension.swift in Sources */,
				C45D7FF62ADD43D000606801 /* ImagesListCell.swift in Sources */,
				C4C0A4CE2B31BAF000819DB3 /* ImagesListService.swift in Sources */,
				C41844BB2AE706A900068ED2 /* ProfileViewController.swift in Sources */,
				C47E9B212AD11B730072D003 /* AppDelegate.swift in Sources */,
				C4732B852B063C0C00EA1161 /* OAuth2Service.swift in Sources */,
				C4732B832B063B3000EA1161 /* OAuthTokenResponseBody.swift in Sources */,
				C48702412B0A2F0F009FD676 /* SplashViewController.swift in Sources */,
				C418E6D92B3B5BD400594FA8 /* WebViewPresenter.swift in Sources */,
				C4BE618B2AF942920013DAE6 /* AuthViewController.swift in Sources */,
				C419A8462AF78BF700F3AA8E /* AuthConfiguration.swift in Sources */,
				C4EAFD592B200FED00EFBA0E /* ProfileImageService.swift in Sources */,
				C47129692B167AD800C5C412 /* ProfileService.swift in Sources */,
				C47920352B2CA91F00B2A60B /* TabBarController.swift in Sources */,
				C4BFAC432AEF7FD5005E47BA /* SingleImageViewController.swift in Sources */,
				C4C18F9E2B0F3D0500000A4E /* URLSession+Extension.swift in Sources */,
				C418E6DB2B3B7F2E00594FA8 /* AuthHelper.swift in Sources */,
				C4732B872B063DA800EA1161 /* OAuth2TokenStorage .swift in Sources */,
				C4BE618D2AF9550C0013DAE6 /* WebViewViewController.swift in Sources */,
				C47E9B232AD11B730072D003 /* SceneDelegate.swift in Sources */,
				C41305922B16515C007FA5D6 /* UIBlockingProgressHUD.swift in Sources */,
			);
			runOnlyForDeploymentPostprocessing = 0;
		};
/* End PBXSourcesBuildPhase section */

/* Begin PBXTargetDependency section */
		C4635A6F2B3B8A460000EFA5 /* PBXTargetDependency */ = {
			isa = PBXTargetDependency;
			target = C47E9B1C2AD11B730072D003 /* ImageFeed */;
			targetProxy = C4635A6E2B3B8A460000EFA5 /* PBXContainerItemProxy */;
		};
		C4635A882B3BA7210000EFA5 /* PBXTargetDependency */ = {
			isa = PBXTargetDependency;
			target = C47E9B1C2AD11B730072D003 /* ImageFeed */;
			targetProxy = C4635A872B3BA7210000EFA5 /* PBXContainerItemProxy */;
		};
/* End PBXTargetDependency section */

/* Begin PBXVariantGroup section */
		C47E9B262AD11B730072D003 /* Main.storyboard */ = {
			isa = PBXVariantGroup;
			children = (
				C47E9B272AD11B730072D003 /* Base */,
			);
			name = Main.storyboard;
			sourceTree = "<group>";
		};
		C47E9B2B2AD11B750072D003 /* LaunchScreen.storyboard */ = {
			isa = PBXVariantGroup;
			children = (
				C47E9B2C2AD11B750072D003 /* Base */,
			);
			name = LaunchScreen.storyboard;
			sourceTree = "<group>";
		};
/* End PBXVariantGroup section */

/* Begin XCBuildConfiguration section */
		C4635A702B3B8A460000EFA5 /* Debug */ = {
			isa = XCBuildConfiguration;
			buildSettings = {
				BUNDLE_LOADER = "$(TEST_HOST)";
				CODE_SIGN_STYLE = Automatic;
				CURRENT_PROJECT_VERSION = 1;
				DEVELOPMENT_TEAM = Z8Z6N5YK7S;
				GENERATE_INFOPLIST_FILE = YES;
				MARKETING_VERSION = 1.0;
				PRODUCT_BUNDLE_IDENTIFIER = ru.Xiered.ImageFeedTests;
				PRODUCT_NAME = "$(TARGET_NAME)";
				SWIFT_EMIT_LOC_STRINGS = NO;
				SWIFT_VERSION = 5.0;
				TARGETED_DEVICE_FAMILY = "1,2";
				TEST_HOST = "$(BUILT_PRODUCTS_DIR)/ImageFeed.app/$(BUNDLE_EXECUTABLE_FOLDER_PATH)/ImageFeed";
			};
			name = Debug;
		};
		C4635A712B3B8A460000EFA5 /* Release */ = {
			isa = XCBuildConfiguration;
			buildSettings = {
				BUNDLE_LOADER = "$(TEST_HOST)";
				CODE_SIGN_STYLE = Automatic;
				CURRENT_PROJECT_VERSION = 1;
				DEVELOPMENT_TEAM = Z8Z6N5YK7S;
				GENERATE_INFOPLIST_FILE = YES;
				MARKETING_VERSION = 1.0;
				PRODUCT_BUNDLE_IDENTIFIER = ru.Xiered.ImageFeedTests;
				PRODUCT_NAME = "$(TARGET_NAME)";
				SWIFT_EMIT_LOC_STRINGS = NO;
				SWIFT_VERSION = 5.0;
				TARGETED_DEVICE_FAMILY = "1,2";
				TEST_HOST = "$(BUILT_PRODUCTS_DIR)/ImageFeed.app/$(BUNDLE_EXECUTABLE_FOLDER_PATH)/ImageFeed";
			};
			name = Release;
		};
		C4635A8A2B3BA7210000EFA5 /* Debug */ = {
			isa = XCBuildConfiguration;
			buildSettings = {
				CODE_SIGN_STYLE = Automatic;
				CURRENT_PROJECT_VERSION = 1;
				DEVELOPMENT_TEAM = Z8Z6N5YK7S;
				GENERATE_INFOPLIST_FILE = YES;
				MARKETING_VERSION = 1.0;
				PRODUCT_BUNDLE_IDENTIFIER = ru.Xiered.ImageFeedUITests;
				PRODUCT_NAME = "$(TARGET_NAME)";
				SWIFT_EMIT_LOC_STRINGS = NO;
				SWIFT_VERSION = 5.0;
				TARGETED_DEVICE_FAMILY = "1,2";
				TEST_TARGET_NAME = ImageFeed;
			};
			name = Debug;
		};
		C4635A8B2B3BA7210000EFA5 /* Release */ = {
			isa = XCBuildConfiguration;
			buildSettings = {
				CODE_SIGN_STYLE = Automatic;
				CURRENT_PROJECT_VERSION = 1;
				DEVELOPMENT_TEAM = Z8Z6N5YK7S;
				GENERATE_INFOPLIST_FILE = YES;
				MARKETING_VERSION = 1.0;
				PRODUCT_BUNDLE_IDENTIFIER = ru.Xiered.ImageFeedUITests;
				PRODUCT_NAME = "$(TARGET_NAME)";
				SWIFT_EMIT_LOC_STRINGS = NO;
				SWIFT_VERSION = 5.0;
				TARGETED_DEVICE_FAMILY = "1,2";
				TEST_TARGET_NAME = ImageFeed;
			};
			name = Release;
		};
		C47E9B2F2AD11B750072D003 /* Debug */ = {
			isa = XCBuildConfiguration;
			buildSettings = {
				ALWAYS_SEARCH_USER_PATHS = NO;
				ASSETCATALOG_COMPILER_GENERATE_SWIFT_ASSET_SYMBOL_EXTENSIONS = YES;
				CLANG_ANALYZER_NONNULL = YES;
				CLANG_ANALYZER_NUMBER_OBJECT_CONVERSION = YES_AGGRESSIVE;
				CLANG_CXX_LANGUAGE_STANDARD = "gnu++20";
				CLANG_ENABLE_MODULES = YES;
				CLANG_ENABLE_OBJC_ARC = YES;
				CLANG_ENABLE_OBJC_WEAK = YES;
				CLANG_WARN_BLOCK_CAPTURE_AUTORELEASING = YES;
				CLANG_WARN_BOOL_CONVERSION = YES;
				CLANG_WARN_COMMA = YES;
				CLANG_WARN_CONSTANT_CONVERSION = YES;
				CLANG_WARN_DEPRECATED_OBJC_IMPLEMENTATIONS = YES;
				CLANG_WARN_DIRECT_OBJC_ISA_USAGE = YES_ERROR;
				CLANG_WARN_DOCUMENTATION_COMMENTS = YES;
				CLANG_WARN_EMPTY_BODY = YES;
				CLANG_WARN_ENUM_CONVERSION = YES;
				CLANG_WARN_INFINITE_RECURSION = YES;
				CLANG_WARN_INT_CONVERSION = YES;
				CLANG_WARN_NON_LITERAL_NULL_CONVERSION = YES;
				CLANG_WARN_OBJC_IMPLICIT_RETAIN_SELF = YES;
				CLANG_WARN_OBJC_LITERAL_CONVERSION = YES;
				CLANG_WARN_OBJC_ROOT_CLASS = YES_ERROR;
				CLANG_WARN_QUOTED_INCLUDE_IN_FRAMEWORK_HEADER = YES;
				CLANG_WARN_RANGE_LOOP_ANALYSIS = YES;
				CLANG_WARN_STRICT_PROTOTYPES = YES;
				CLANG_WARN_SUSPICIOUS_MOVE = YES;
				CLANG_WARN_UNGUARDED_AVAILABILITY = YES_AGGRESSIVE;
				CLANG_WARN_UNREACHABLE_CODE = YES;
				CLANG_WARN__DUPLICATE_METHOD_MATCH = YES;
				COPY_PHASE_STRIP = NO;
				DEBUG_INFORMATION_FORMAT = dwarf;
				ENABLE_STRICT_OBJC_MSGSEND = YES;
				ENABLE_TESTABILITY = YES;
				ENABLE_USER_SCRIPT_SANDBOXING = YES;
				GCC_C_LANGUAGE_STANDARD = gnu17;
				GCC_DYNAMIC_NO_PIC = NO;
				GCC_NO_COMMON_BLOCKS = YES;
				GCC_OPTIMIZATION_LEVEL = 0;
				GCC_PREPROCESSOR_DEFINITIONS = (
					"DEBUG=1",
					"$(inherited)",
				);
				GCC_WARN_64_TO_32_BIT_CONVERSION = YES;
				GCC_WARN_ABOUT_RETURN_TYPE = YES_ERROR;
				GCC_WARN_UNDECLARED_SELECTOR = YES;
				GCC_WARN_UNINITIALIZED_AUTOS = YES_AGGRESSIVE;
				GCC_WARN_UNUSED_FUNCTION = YES;
				GCC_WARN_UNUSED_VARIABLE = YES;
				IPHONEOS_DEPLOYMENT_TARGET = 17.0;
				LOCALIZATION_PREFERS_STRING_CATALOGS = YES;
				MTL_ENABLE_DEBUG_INFO = INCLUDE_SOURCE;
				MTL_FAST_MATH = YES;
				ONLY_ACTIVE_ARCH = YES;
				SDKROOT = iphoneos;
				SWIFT_ACTIVE_COMPILATION_CONDITIONS = "DEBUG $(inherited)";
				SWIFT_OPTIMIZATION_LEVEL = "-Onone";
			};
			name = Debug;
		};
		C47E9B302AD11B750072D003 /* Release */ = {
			isa = XCBuildConfiguration;
			buildSettings = {
				ALWAYS_SEARCH_USER_PATHS = NO;
				ASSETCATALOG_COMPILER_GENERATE_SWIFT_ASSET_SYMBOL_EXTENSIONS = YES;
				CLANG_ANALYZER_NONNULL = YES;
				CLANG_ANALYZER_NUMBER_OBJECT_CONVERSION = YES_AGGRESSIVE;
				CLANG_CXX_LANGUAGE_STANDARD = "gnu++20";
				CLANG_ENABLE_MODULES = YES;
				CLANG_ENABLE_OBJC_ARC = YES;
				CLANG_ENABLE_OBJC_WEAK = YES;
				CLANG_WARN_BLOCK_CAPTURE_AUTORELEASING = YES;
				CLANG_WARN_BOOL_CONVERSION = YES;
				CLANG_WARN_COMMA = YES;
				CLANG_WARN_CONSTANT_CONVERSION = YES;
				CLANG_WARN_DEPRECATED_OBJC_IMPLEMENTATIONS = YES;
				CLANG_WARN_DIRECT_OBJC_ISA_USAGE = YES_ERROR;
				CLANG_WARN_DOCUMENTATION_COMMENTS = YES;
				CLANG_WARN_EMPTY_BODY = YES;
				CLANG_WARN_ENUM_CONVERSION = YES;
				CLANG_WARN_INFINITE_RECURSION = YES;
				CLANG_WARN_INT_CONVERSION = YES;
				CLANG_WARN_NON_LITERAL_NULL_CONVERSION = YES;
				CLANG_WARN_OBJC_IMPLICIT_RETAIN_SELF = YES;
				CLANG_WARN_OBJC_LITERAL_CONVERSION = YES;
				CLANG_WARN_OBJC_ROOT_CLASS = YES_ERROR;
				CLANG_WARN_QUOTED_INCLUDE_IN_FRAMEWORK_HEADER = YES;
				CLANG_WARN_RANGE_LOOP_ANALYSIS = YES;
				CLANG_WARN_STRICT_PROTOTYPES = YES;
				CLANG_WARN_SUSPICIOUS_MOVE = YES;
				CLANG_WARN_UNGUARDED_AVAILABILITY = YES_AGGRESSIVE;
				CLANG_WARN_UNREACHABLE_CODE = YES;
				CLANG_WARN__DUPLICATE_METHOD_MATCH = YES;
				COPY_PHASE_STRIP = NO;
				DEBUG_INFORMATION_FORMAT = "dwarf-with-dsym";
				ENABLE_NS_ASSERTIONS = NO;
				ENABLE_STRICT_OBJC_MSGSEND = YES;
				ENABLE_USER_SCRIPT_SANDBOXING = YES;
				GCC_C_LANGUAGE_STANDARD = gnu17;
				GCC_NO_COMMON_BLOCKS = YES;
				GCC_WARN_64_TO_32_BIT_CONVERSION = YES;
				GCC_WARN_ABOUT_RETURN_TYPE = YES_ERROR;
				GCC_WARN_UNDECLARED_SELECTOR = YES;
				GCC_WARN_UNINITIALIZED_AUTOS = YES_AGGRESSIVE;
				GCC_WARN_UNUSED_FUNCTION = YES;
				GCC_WARN_UNUSED_VARIABLE = YES;
				IPHONEOS_DEPLOYMENT_TARGET = 17.0;
				LOCALIZATION_PREFERS_STRING_CATALOGS = YES;
				MTL_ENABLE_DEBUG_INFO = NO;
				MTL_FAST_MATH = YES;
				SDKROOT = iphoneos;
				SWIFT_COMPILATION_MODE = wholemodule;
				VALIDATE_PRODUCT = YES;
			};
			name = Release;
		};
		C47E9B322AD11B750072D003 /* Debug */ = {
			isa = XCBuildConfiguration;
			buildSettings = {
				ASSETCATALOG_COMPILER_APPICON_NAME = AppIcon;
				ASSETCATALOG_COMPILER_GLOBAL_ACCENT_COLOR_NAME = AccentColor;
				CODE_SIGN_STYLE = Automatic;
				CURRENT_PROJECT_VERSION = 1;
				DEVELOPMENT_TEAM = Z8Z6N5YK7S;
				GENERATE_INFOPLIST_FILE = YES;
				INFOPLIST_FILE = ImageFeed/Info.plist;
				INFOPLIST_KEY_UIApplicationSupportsIndirectInputEvents = YES;
				INFOPLIST_KEY_UILaunchStoryboardName = LaunchScreen;
				INFOPLIST_KEY_UIMainStoryboardFile = Main;
				INFOPLIST_KEY_UIStatusBarStyle = "";
				INFOPLIST_KEY_UISupportedInterfaceOrientations_iPad = "UIInterfaceOrientationPortrait UIInterfaceOrientationPortraitUpsideDown UIInterfaceOrientationLandscapeLeft UIInterfaceOrientationLandscapeRight";
				INFOPLIST_KEY_UISupportedInterfaceOrientations_iPhone = UIInterfaceOrientationPortrait;
				IPHONEOS_DEPLOYMENT_TARGET = 13.0;
				LD_RUNPATH_SEARCH_PATHS = (
					"$(inherited)",
					"@executable_path/Frameworks",
				);
				MARKETING_VERSION = 1.0;
				PRODUCT_BUNDLE_IDENTIFIER = ru.Xiered.ImageFeed;
				PRODUCT_NAME = "$(TARGET_NAME)";
				SUPPORTED_PLATFORMS = "iphoneos iphonesimulator";
				SUPPORTS_MACCATALYST = NO;
				SWIFT_EMIT_LOC_STRINGS = YES;
				SWIFT_VERSION = 5.0;
				TARGETED_DEVICE_FAMILY = 1;
			};
			name = Debug;
		};
		C47E9B332AD11B750072D003 /* Release */ = {
			isa = XCBuildConfiguration;
			buildSettings = {
				ASSETCATALOG_COMPILER_APPICON_NAME = AppIcon;
				ASSETCATALOG_COMPILER_GLOBAL_ACCENT_COLOR_NAME = AccentColor;
				CODE_SIGN_STYLE = Automatic;
				CURRENT_PROJECT_VERSION = 1;
				DEVELOPMENT_TEAM = Z8Z6N5YK7S;
				GENERATE_INFOPLIST_FILE = YES;
				INFOPLIST_FILE = ImageFeed/Info.plist;
				INFOPLIST_KEY_UIApplicationSupportsIndirectInputEvents = YES;
				INFOPLIST_KEY_UILaunchStoryboardName = LaunchScreen;
				INFOPLIST_KEY_UIMainStoryboardFile = Main;
				INFOPLIST_KEY_UIStatusBarStyle = "";
				INFOPLIST_KEY_UISupportedInterfaceOrientations_iPad = "UIInterfaceOrientationPortrait UIInterfaceOrientationPortraitUpsideDown UIInterfaceOrientationLandscapeLeft UIInterfaceOrientationLandscapeRight";
				INFOPLIST_KEY_UISupportedInterfaceOrientations_iPhone = UIInterfaceOrientationPortrait;
				IPHONEOS_DEPLOYMENT_TARGET = 13.0;
				LD_RUNPATH_SEARCH_PATHS = (
					"$(inherited)",
					"@executable_path/Frameworks",
				);
				MARKETING_VERSION = 1.0;
				PRODUCT_BUNDLE_IDENTIFIER = ru.Xiered.ImageFeed;
				PRODUCT_NAME = "$(TARGET_NAME)";
				SUPPORTED_PLATFORMS = "iphoneos iphonesimulator";
				SUPPORTS_MACCATALYST = NO;
				SWIFT_EMIT_LOC_STRINGS = YES;
				SWIFT_VERSION = 5.0;
				TARGETED_DEVICE_FAMILY = 1;
			};
			name = Release;
		};
/* End XCBuildConfiguration section */

/* Begin XCConfigurationList section */
		C4635A722B3B8A460000EFA5 /* Build configuration list for PBXNativeTarget "ImageFeedTests" */ = {
			isa = XCConfigurationList;
			buildConfigurations = (
				C4635A702B3B8A460000EFA5 /* Debug */,
				C4635A712B3B8A460000EFA5 /* Release */,
			);
			defaultConfigurationIsVisible = 0;
			defaultConfigurationName = Release;
		};
		C4635A892B3BA7210000EFA5 /* Build configuration list for PBXNativeTarget "ImageFeedUITests" */ = {
			isa = XCConfigurationList;
			buildConfigurations = (
				C4635A8A2B3BA7210000EFA5 /* Debug */,
				C4635A8B2B3BA7210000EFA5 /* Release */,
			);
			defaultConfigurationIsVisible = 0;
			defaultConfigurationName = Release;
		};
		C47E9B182AD11B730072D003 /* Build configuration list for PBXProject "ImageFeed" */ = {
			isa = XCConfigurationList;
			buildConfigurations = (
				C47E9B2F2AD11B750072D003 /* Debug */,
				C47E9B302AD11B750072D003 /* Release */,
			);
			defaultConfigurationIsVisible = 0;
			defaultConfigurationName = Release;
		};
		C47E9B312AD11B750072D003 /* Build configuration list for PBXNativeTarget "ImageFeed" */ = {
			isa = XCConfigurationList;
			buildConfigurations = (
				C47E9B322AD11B750072D003 /* Debug */,
				C47E9B332AD11B750072D003 /* Release */,
			);
			defaultConfigurationIsVisible = 0;
			defaultConfigurationName = Release;
		};
/* End XCConfigurationList section */

/* Begin XCRemoteSwiftPackageReference section */
		C479202E2B299DE700B2A60B /* XCRemoteSwiftPackageReference "Kingfisher" */ = {
			isa = XCRemoteSwiftPackageReference;
			repositoryURL = "https://github.com/onevcat/Kingfisher.git";
			requirement = {
				kind = upToNextMajorVersion;
				minimumVersion = 7.10.1;
			};
		};
		C47920312B29A0A400B2A60B /* XCRemoteSwiftPackageReference "SwiftKeychainWrapper" */ = {
			isa = XCRemoteSwiftPackageReference;
			repositoryURL = "https://github.com/jrendel/SwiftKeychainWrapper";
			requirement = {
				kind = upToNextMajorVersion;
				minimumVersion = 4.0.1;
			};
		};
		C4C18FA22B0F930500000A4E /* XCRemoteSwiftPackageReference "ProgressHUD" */ = {
			isa = XCRemoteSwiftPackageReference;
			repositoryURL = "https://github.com/relatedcode/ProgressHUD";
			requirement = {
				kind = exactVersion;
				version = 13.6.1;
			};
		};
/* End XCRemoteSwiftPackageReference section */

/* Begin XCSwiftPackageProductDependency section */
		C479202F2B299DE700B2A60B /* Kingfisher */ = {
			isa = XCSwiftPackageProductDependency;
			package = C479202E2B299DE700B2A60B /* XCRemoteSwiftPackageReference "Kingfisher" */;
			productName = Kingfisher;
		};
		C47920322B29A0A400B2A60B /* SwiftKeychainWrapper */ = {
			isa = XCSwiftPackageProductDependency;
			package = C47920312B29A0A400B2A60B /* XCRemoteSwiftPackageReference "SwiftKeychainWrapper" */;
			productName = SwiftKeychainWrapper;
		};
		C4C18FA32B0F930500000A4E /* ProgressHUD */ = {
			isa = XCSwiftPackageProductDependency;
			package = C4C18FA22B0F930500000A4E /* XCRemoteSwiftPackageReference "ProgressHUD" */;
			productName = ProgressHUD;
		};
/* End XCSwiftPackageProductDependency section */
	};
	rootObject = C47E9B152AD11B730072D003 /* Project object */;
}
